
Microsoft Visual Studio Solution File, Format Version 12.00
# Visual Studio Version 16
VisualStudioVersion = 16.0.31702.278
MinimumVisualStudioVersion = 10.0.40219.1
Project("{FAE04EC0-301F-11D3-BF4B-00C04F79EFBC}") = "PlayGround", "PlayGround.csproj", "{AE87DE2D-BE21-46E2-BF74-60ABE7AA1DBE}"
EndProject
Global
	GlobalSection(SolutionConfigurationPlatforms) = preSolution
		Debug|Any CPU = Debug|Any CPU
		Release|Any CPU = Release|Any CPU
	EndGlobalSection
	GlobalSection(ProjectConfigurationPlatforms) = postSolution
		{AE87DE2D-BE21-46E2-BF74-60ABE7AA1DBE}.Debug|Any CPU.ActiveCfg = Debug|Any CPU
		{AE87DE2D-BE21-46E2-BF74-60ABE7AA1DBE}.Debug|Any CPU.Build.0 = Debug|Any CPU
		{AE87DE2D-BE21-46E2-BF74-60ABE7AA1DBE}.Release|Any CPU.ActiveCfg = Release|Any CPU
		{AE87DE2D-BE21-46E2-BF74-60ABE7AA1DBE}.Release|Any CPU.Build.0 = Release|Any CPU
	EndGlobalSection
	GlobalSection(SolutionProperties) = preSolution
		HideSolutionNode = FALSE
	EndGlobalSection
	GlobalSection(ExtensibilityGlobals) = postSolution
		SolutionGuid = {A634C826-C417-4B76-859B-22E565D9B4F2}
	EndGlobalSection
EndGlobal
